
Microsoft Visual Studio Solution File, Format Version 12.00
# Visual Studio Version 17
VisualStudioVersion = 17.0.31903.59
MinimumVisualStudioVersion = 10.0.40219.1
Project("{2150E333-8FDC-42A3-9474-1A3956D46DE8}") = "src", "src", "{827E0CD3-B72D-47B6-A68D-7590B98EB39B}"
EndProject
Project("{FAE04EC0-301F-11D3-BF4B-00C04F79EFBC}") = "CmsSync.Domain", "src\CmsSync.Domain\CmsSync.Domain.csproj", "{F30EF1CC-0C4E-433F-812F-002D77B17563}"
EndProject
Project("{FAE04EC0-301F-11D3-BF4B-00C04F79EFBC}") = "CmsSync.Application", "src\CmsSync.Application\CmsSync.Application.csproj", "{9A706DA7-3AC3-4194-9C3C-01B0A35EEF06}"
EndProject
Project("{FAE04EC0-301F-11D3-BF4B-00C04F79EFBC}") = "CmsSync.Infrastructure", "src\CmsSync.Infrastructure\CmsSync.Infrastructure.csproj", "{D550D1B2-9905-413D-998F-1E339C1FA4AB}"
EndProject
Project("{FAE04EC0-301F-11D3-BF4B-00C04F79EFBC}") = "CmsSync.Api", "src\CmsSync.Api\CmsSync.Api.csproj", "{BBD3D2D2-4339-4224-82BE-2B47A6A2612A}"
EndProject
Project("{2150E333-8FDC-42A3-9474-1A3956D46DE8}") = "tests", "tests", "{0AB3BF05-4346-4AA6-1389-037BE0695223}"
EndProject
Project("{FAE04EC0-301F-11D3-BF4B-00C04F79EFBC}") = "CmsSync.UnitTests", "tests\CmsSync.UnitTests\CmsSync.UnitTests.csproj", "{2193C8CF-2B09-4A03-B347-37817473AA75}"
EndProject
Project("{FAE04EC0-301F-11D3-BF4B-00C04F79EFBC}") = "CmsSync.IntegrationTests", "tests\CmsSync.IntegrationTests\CmsSync.IntegrationTests.csproj", "{74608732-52DB-4AD3-8225-7463DE1DE00F}"
EndProject
Global
	GlobalSection(SolutionConfigurationPlatforms) = preSolution
		Debug|Any CPU = Debug|Any CPU
		Debug|x64 = Debug|x64
		Debug|x86 = Debug|x86
		Release|Any CPU = Release|Any CPU
		Release|x64 = Release|x64
		Release|x86 = Release|x86
	EndGlobalSection
	GlobalSection(ProjectConfigurationPlatforms) = postSolution
		{F30EF1CC-0C4E-433F-812F-002D77B17563}.Debug|Any CPU.ActiveCfg = Debug|Any CPU
		{F30EF1CC-0C4E-433F-812F-002D77B17563}.Debug|Any CPU.Build.0 = Debug|Any CPU
		{F30EF1CC-0C4E-433F-812F-002D77B17563}.Debug|x64.ActiveCfg = Debug|Any CPU
		{F30EF1CC-0C4E-433F-812F-002D77B17563}.Debug|x64.Build.0 = Debug|Any CPU
		{F30EF1CC-0C4E-433F-812F-002D77B17563}.Debug|x86.ActiveCfg = Debug|Any CPU
		{F30EF1CC-0C4E-433F-812F-002D77B17563}.Debug|x86.Build.0 = Debug|Any CPU
		{F30EF1CC-0C4E-433F-812F-002D77B17563}.Release|Any CPU.ActiveCfg = Release|Any CPU
		{F30EF1CC-0C4E-433F-812F-002D77B17563}.Release|Any CPU.Build.0 = Release|Any CPU
		{F30EF1CC-0C4E-433F-812F-002D77B17563}.Release|x64.ActiveCfg = Release|Any CPU
		{F30EF1CC-0C4E-433F-812F-002D77B17563}.Release|x64.Build.0 = Release|Any CPU
		{F30EF1CC-0C4E-433F-812F-002D77B17563}.Release|x86.ActiveCfg = Release|Any CPU
		{F30EF1CC-0C4E-433F-812F-002D77B17563}.Release|x86.Build.0 = Release|Any CPU
		{9A706DA7-3AC3-4194-9C3C-01B0A35EEF06}.Debug|Any CPU.ActiveCfg = Debug|Any CPU
		{9A706DA7-3AC3-4194-9C3C-01B0A35EEF06}.Debug|Any CPU.Build.0 = Debug|Any CPU
		{9A706DA7-3AC3-4194-9C3C-01B0A35EEF06}.Debug|x64.ActiveCfg = Debug|Any CPU
		{9A706DA7-3AC3-4194-9C3C-01B0A35EEF06}.Debug|x64.Build.0 = Debug|Any CPU
		{9A706DA7-3AC3-4194-9C3C-01B0A35EEF06}.Debug|x86.ActiveCfg = Debug|Any CPU
		{9A706DA7-3AC3-4194-9C3C-01B0A35EEF06}.Debug|x86.Build.0 = Debug|Any CPU
		{9A706DA7-3AC3-4194-9C3C-01B0A35EEF06}.Release|Any CPU.ActiveCfg = Release|Any CPU
		{9A706DA7-3AC3-4194-9C3C-01B0A35EEF06}.Release|Any CPU.Build.0 = Release|Any CPU
		{9A706DA7-3AC3-4194-9C3C-01B0A35EEF06}.Release|x64.ActiveCfg = Release|Any CPU
		{9A706DA7-3AC3-4194-9C3C-01B0A35EEF06}.Release|x64.Build.0 = Release|Any CPU
		{9A706DA7-3AC3-4194-9C3C-01B0A35EEF06}.Release|x86.ActiveCfg = Release|Any CPU
		{9A706DA7-3AC3-4194-9C3C-01B0A35EEF06}.Release|x86.Build.0 = Release|Any CPU
		{D550D1B2-9905-413D-998F-1E339C1FA4AB}.Debug|Any CPU.ActiveCfg = Debug|Any CPU
		{D550D1B2-9905-413D-998F-1E339C1FA4AB}.Debug|Any CPU.Build.0 = Debug|Any CPU
		{D550D1B2-9905-413D-998F-1E339C1FA4AB}.Debug|x64.ActiveCfg = Debug|Any CPU
		{D550D1B2-9905-413D-998F-1E339C1FA4AB}.Debug|x64.Build.0 = Debug|Any CPU
		{D550D1B2-9905-413D-998F-1E339C1FA4AB}.Debug|x86.ActiveCfg = Debug|Any CPU
		{D550D1B2-9905-413D-998F-1E339C1FA4AB}.Debug|x86.Build.0 = Debug|Any CPU
		{D550D1B2-9905-413D-998F-1E339C1FA4AB}.Release|Any CPU.ActiveCfg = Release|Any CPU
		{D550D1B2-9905-413D-998F-1E339C1FA4AB}.Release|Any CPU.Build.0 = Release|Any CPU
		{D550D1B2-9905-413D-998F-1E339C1FA4AB}.Release|x64.ActiveCfg = Release|Any CPU
		{D550D1B2-9905-413D-998F-1E339C1FA4AB}.Release|x64.Build.0 = Release|Any CPU
		{D550D1B2-9905-413D-998F-1E339C1FA4AB}.Release|x86.ActiveCfg = Release|Any CPU
		{D550D1B2-9905-413D-998F-1E339C1FA4AB}.Release|x86.Build.0 = Release|Any CPU
		{BBD3D2D2-4339-4224-82BE-2B47A6A2612A}.Debug|Any CPU.ActiveCfg = Debug|Any CPU
		{BBD3D2D2-4339-4224-82BE-2B47A6A2612A}.Debug|Any CPU.Build.0 = Debug|Any CPU
		{BBD3D2D2-4339-4224-82BE-2B47A6A2612A}.Debug|x64.ActiveCfg = Debug|Any CPU
		{BBD3D2D2-4339-4224-82BE-2B47A6A2612A}.Debug|x64.Build.0 = Debug|Any CPU
		{BBD3D2D2-4339-4224-82BE-2B47A6A2612A}.Debug|x86.ActiveCfg = Debug|Any CPU
		{BBD3D2D2-4339-4224-82BE-2B47A6A2612A}.Debug|x86.Build.0 = Debug|Any CPU
		{BBD3D2D2-4339-4224-82BE-2B47A6A2612A}.Release|Any CPU.ActiveCfg = Release|Any CPU
		{BBD3D2D2-4339-4224-82BE-2B47A6A2612A}.Release|Any CPU.Build.0 = Release|Any CPU
		{BBD3D2D2-4339-4224-82BE-2B47A6A2612A}.Release|x64.ActiveCfg = Release|Any CPU
		{BBD3D2D2-4339-4224-82BE-2B47A6A2612A}.Release|x64.Build.0 = Release|Any CPU
		{BBD3D2D2-4339-4224-82BE-2B47A6A2612A}.Release|x86.ActiveCfg = Release|Any CPU
		{BBD3D2D2-4339-4224-82BE-2B47A6A2612A}.Release|x86.Build.0 = Release|Any CPU
		{2193C8CF-2B09-4A03-B347-37817473AA75}.Debug|Any CPU.ActiveCfg = Debug|Any CPU
		{2193C8CF-2B09-4A03-B347-37817473AA75}.Debug|Any CPU.Build.0 = Debug|Any CPU
		{2193C8CF-2B09-4A03-B347-37817473AA75}.Debug|x64.ActiveCfg = Debug|Any CPU
		{2193C8CF-2B09-4A03-B347-37817473AA75}.Debug|x64.Build.0 = Debug|Any CPU
		{2193C8CF-2B09-4A03-B347-37817473AA75}.Debug|x86.ActiveCfg = Debug|Any CPU
		{2193C8CF-2B09-4A03-B347-37817473AA75}.Debug|x86.Build.0 = Debug|Any CPU
		{2193C8CF-2B09-4A03-B347-37817473AA75}.Release|Any CPU.ActiveCfg = Release|Any CPU
		{2193C8CF-2B09-4A03-B347-37817473AA75}.Release|Any CPU.Build.0 = Release|Any CPU
		{2193C8CF-2B09-4A03-B347-37817473AA75}.Release|x64.ActiveCfg = Release|Any CPU
		{2193C8CF-2B09-4A03-B347-37817473AA75}.Release|x64.Build.0 = Release|Any CPU
		{2193C8CF-2B09-4A03-B347-37817473AA75}.Release|x86.ActiveCfg = Release|Any CPU
		{2193C8CF-2B09-4A03-B347-37817473AA75}.Release|x86.Build.0 = Release|Any CPU
		{74608732-52DB-4AD3-8225-7463DE1DE00F}.Debug|Any CPU.ActiveCfg = Debug|Any CPU
		{74608732-52DB-4AD3-8225-7463DE1DE00F}.Debug|Any CPU.Build.0 = Debug|Any CPU
		{74608732-52DB-4AD3-8225-7463DE1DE00F}.Debug|x64.ActiveCfg = Debug|Any CPU
		{74608732-52DB-4AD3-8225-7463DE1DE00F}.Debug|x64.Build.0 = Debug|Any CPU
		{74608732-52DB-4AD3-8225-7463DE1DE00F}.Debug|x86.ActiveCfg = Debug|Any CPU
		{74608732-52DB-4AD3-8225-7463DE1DE00F}.Debug|x86.Build.0 = Debug|Any CPU
		{74608732-52DB-4AD3-8225-7463DE1DE00F}.Release|Any CPU.ActiveCfg = Release|Any CPU
		{74608732-52DB-4AD3-8225-7463DE1DE00F}.Release|Any CPU.Build.0 = Release|Any CPU
		{74608732-52DB-4AD3-8225-7463DE1DE00F}.Release|x64.ActiveCfg = Release|Any CPU
		{74608732-52DB-4AD3-8225-7463DE1DE00F}.Release|x64.Build.0 = Release|Any CPU
		{74608732-52DB-4AD3-8225-7463DE1DE00F}.Release|x86.ActiveCfg = Release|Any CPU
		{74608732-52DB-4AD3-8225-7463DE1DE00F}.Release|x86.Build.0 = Release|Any CPU
	EndGlobalSection
	GlobalSection(SolutionProperties) = preSolution
		HideSolutionNode = FALSE
	EndGlobalSection
	GlobalSection(NestedProjects) = preSolution
		{F30EF1CC-0C4E-433F-812F-002D77B17563} = {827E0CD3-B72D-47B6-A68D-7590B98EB39B}
		{9A706DA7-3AC3-4194-9C3C-01B0A35EEF06} = {827E0CD3-B72D-47B6-A68D-7590B98EB39B}
		{D550D1B2-9905-413D-998F-1E339C1FA4AB} = {827E0CD3-B72D-47B6-A68D-7590B98EB39B}
		{BBD3D2D2-4339-4224-82BE-2B47A6A2612A} = {827E0CD3-B72D-47B6-A68D-7590B98EB39B}
		{2193C8CF-2B09-4A03-B347-37817473AA75} = {0AB3BF05-4346-4AA6-1389-037BE0695223}
		{74608732-52DB-4AD3-8225-7463DE1DE00F} = {0AB3BF05-4346-4AA6-1389-037BE0695223}
	EndGlobalSection
EndGlobal
